
Microsoft Visual Studio Solution File, Format Version 12.00
# Visual Studio Version 17
VisualStudioVersion = 17.9.34616.47
MinimumVisualStudioVersion = 10.0.40219.1
Project("{2150E333-8FDC-42A3-9474-1A3956D46DE8}") = "Application", "Application", "{687000D4-A194-4FBE-AC9B-36BC352491C4}"
EndProject
Project("{2150E333-8FDC-42A3-9474-1A3956D46DE8}") = "Domain", "Domain", "{221CECD8-0E9B-427C-BA56-1801F180B77F}"
EndProject
Project("{2150E333-8FDC-42A3-9474-1A3956D46DE8}") = "Infrastructure", "Infrastructure", "{4DA3FAB8-9A47-427A-9959-84C57032FDB2}"
EndProject
Project("{2150E333-8FDC-42A3-9474-1A3956D46DE8}") = "Services", "Services", "{D78E1BD6-4C86-45BB-88B3-7F8524B4A24E}"
EndProject
Project("{2150E333-8FDC-42A3-9474-1A3956D46DE8}") = "Test", "Test", "{DD95FCEA-A7B5-49B4-8FCF-82FFE86349CB}"
EndProject
Project("{2150E333-8FDC-42A3-9474-1A3956D46DE8}") = "Shared", "Shared", "{CC05B0FD-82DC-48FF-990A-80E1259BCF0B}"
EndProject
Project("{9A19103F-16F7-4668-BE54-9A1E7A4F7556}") = "Application.Dto", "Application.Dto\Application.Dto.csproj", "{146CAB85-39D4-4A88-97F3-BCECDB70522C}"
EndProject
Project("{9A19103F-16F7-4668-BE54-9A1E7A4F7556}") = "Application.UseCases", "Application.UseCases\Application.UseCases.csproj", "{86FD2325-DF4A-4D83-8352-D809EA545CF6}"
EndProject
Project("{9A19103F-16F7-4668-BE54-9A1E7A4F7556}") = "Domain", "Domain\Domain.csproj", "{895AD61A-04CE-42A1-8E78-9A34F8C193B4}"
EndProject
Project("{9A19103F-16F7-4668-BE54-9A1E7A4F7556}") = "Infrastructure.Persistence", "Infrastructure.Persistence\Infrastructure.Persistence.csproj", "{FF695594-B6DA-4206-A624-F49FBE782E8F}"
EndProject
Project("{9A19103F-16F7-4668-BE54-9A1E7A4F7556}") = "Services.Api", "Services.Api\Services.Api.csproj", "{ED039BB9-9128-43FB-BA06-1F030B1F2032}"
EndProject
Project("{9A19103F-16F7-4668-BE54-9A1E7A4F7556}") = "Shared.Common", "Shared.Common\Shared.Common.csproj", "{A8D5C57E-10E0-4D4F-954D-B990FA8ADAAC}"
EndProject
Project("{9A19103F-16F7-4668-BE54-9A1E7A4F7556}") = "Shared.Logging", "Shared.Logging\Shared.Logging.csproj", "{49F9869D-FB14-458F-B6A2-1B90131780D9}"
EndProject
Project("{9A19103F-16F7-4668-BE54-9A1E7A4F7556}") = "Shared.Resources", "Shared.Resources\Shared.Resources.csproj", "{7EE07F2A-D64E-428A-9E35-29F86D3F05C0}"
EndProject
Project("{9A19103F-16F7-4668-BE54-9A1E7A4F7556}") = "Shared.Localization", "Shared.Localization\Shared.Localization.csproj", "{9966B412-A2FE-4F7B-9470-61E2FF4156A0}"
EndProject
Project("{9A19103F-16F7-4668-BE54-9A1E7A4F7556}") = "Infrastructure.Services", "Infrastructure.Services\Infrastructure.Services.csproj", "{6D67E8BD-D7CA-44F9-BDF7-D49CDA9F629E}"
EndProject
Project("{9A19103F-16F7-4668-BE54-9A1E7A4F7556}") = "Application.Data", "Application.Data\Application.Data.csproj", "{A0BBE49F-A0C9-44B6-AA45-1E967EB3F075}"
EndProject
Project("{9A19103F-16F7-4668-BE54-9A1E7A4F7556}") = "Test.Application.NUnitTest", "Test.Application.NUnitTest\Test.Application.NUnitTest.csproj", "{9A033F2B-0BE7-44AF-841C-C02B35BB9069}"
EndProject
Project("{9A19103F-16F7-4668-BE54-9A1E7A4F7556}") = "Application.Services", "Application.Services\Application.Services.csproj", "{57003C46-1EC2-4DAA-9B61-1C1BF02F572C}"
EndProject
Project("{E53339B2-1760-4266-BCC7-CA923CBCF16C}") = "docker-compose", "docker-compose.dcproj", "{7780099C-5335-4E73-9A80-3B304A965D18}"
EndProject
Project("{9A19103F-16F7-4668-BE54-9A1E7A4F7556}") = "Application.Faker", "Application.Faker\Application.Faker.csproj", "{9CDA16E3-DE61-4211-8931-51E3589A17E6}"
EndProject
Global
	GlobalSection(SolutionConfigurationPlatforms) = preSolution
		Debug|Any CPU = Debug|Any CPU
		Release|Any CPU = Release|Any CPU
	EndGlobalSection
	GlobalSection(ProjectConfigurationPlatforms) = postSolution
		{146CAB85-39D4-4A88-97F3-BCECDB70522C}.Debug|Any CPU.ActiveCfg = Debug|Any CPU
		{146CAB85-39D4-4A88-97F3-BCECDB70522C}.Debug|Any CPU.Build.0 = Debug|Any CPU
		{146CAB85-39D4-4A88-97F3-BCECDB70522C}.Release|Any CPU.ActiveCfg = Release|Any CPU
		{146CAB85-39D4-4A88-97F3-BCECDB70522C}.Release|Any CPU.Build.0 = Release|Any CPU
		{86FD2325-DF4A-4D83-8352-D809EA545CF6}.Debug|Any CPU.ActiveCfg = Debug|Any CPU
		{86FD2325-DF4A-4D83-8352-D809EA545CF6}.Debug|Any CPU.Build.0 = Debug|Any CPU
		{86FD2325-DF4A-4D83-8352-D809EA545CF6}.Release|Any CPU.ActiveCfg = Release|Any CPU
		{86FD2325-DF4A-4D83-8352-D809EA545CF6}.Release|Any CPU.Build.0 = Release|Any CPU
		{895AD61A-04CE-42A1-8E78-9A34F8C193B4}.Debug|Any CPU.ActiveCfg = Debug|Any CPU
		{895AD61A-04CE-42A1-8E78-9A34F8C193B4}.Debug|Any CPU.Build.0 = Debug|Any CPU
		{895AD61A-04CE-42A1-8E78-9A34F8C193B4}.Release|Any CPU.ActiveCfg = Release|Any CPU
		{895AD61A-04CE-42A1-8E78-9A34F8C193B4}.Release|Any CPU.Build.0 = Release|Any CPU
		{FF695594-B6DA-4206-A624-F49FBE782E8F}.Debug|Any CPU.ActiveCfg = Debug|Any CPU
		{FF695594-B6DA-4206-A624-F49FBE782E8F}.Debug|Any CPU.Build.0 = Debug|Any CPU
		{FF695594-B6DA-4206-A624-F49FBE782E8F}.Release|Any CPU.ActiveCfg = Release|Any CPU
		{FF695594-B6DA-4206-A624-F49FBE782E8F}.Release|Any CPU.Build.0 = Release|Any CPU
		{ED039BB9-9128-43FB-BA06-1F030B1F2032}.Debug|Any CPU.ActiveCfg = Debug|Any CPU
		{ED039BB9-9128-43FB-BA06-1F030B1F2032}.Debug|Any CPU.Build.0 = Debug|Any CPU
		{ED039BB9-9128-43FB-BA06-1F030B1F2032}.Release|Any CPU.ActiveCfg = Release|Any CPU
		{ED039BB9-9128-43FB-BA06-1F030B1F2032}.Release|Any CPU.Build.0 = Release|Any CPU
		{A8D5C57E-10E0-4D4F-954D-B990FA8ADAAC}.Debug|Any CPU.ActiveCfg = Debug|Any CPU
		{A8D5C57E-10E0-4D4F-954D-B990FA8ADAAC}.Debug|Any CPU.Build.0 = Debug|Any CPU
		{A8D5C57E-10E0-4D4F-954D-B990FA8ADAAC}.Release|Any CPU.ActiveCfg = Release|Any CPU
		{A8D5C57E-10E0-4D4F-954D-B990FA8ADAAC}.Release|Any CPU.Build.0 = Release|Any CPU
		{49F9869D-FB14-458F-B6A2-1B90131780D9}.Debug|Any CPU.ActiveCfg = Debug|Any CPU
		{49F9869D-FB14-458F-B6A2-1B90131780D9}.Debug|Any CPU.Build.0 = Debug|Any CPU
		{49F9869D-FB14-458F-B6A2-1B90131780D9}.Release|Any CPU.ActiveCfg = Release|Any CPU
		{49F9869D-FB14-458F-B6A2-1B90131780D9}.Release|Any CPU.Build.0 = Release|Any CPU
		{7EE07F2A-D64E-428A-9E35-29F86D3F05C0}.Debug|Any CPU.ActiveCfg = Debug|Any CPU
		{7EE07F2A-D64E-428A-9E35-29F86D3F05C0}.Debug|Any CPU.Build.0 = Debug|Any CPU
		{7EE07F2A-D64E-428A-9E35-29F86D3F05C0}.Release|Any CPU.ActiveCfg = Release|Any CPU
		{7EE07F2A-D64E-428A-9E35-29F86D3F05C0}.Release|Any CPU.Build.0 = Release|Any CPU
		{9966B412-A2FE-4F7B-9470-61E2FF4156A0}.Debug|Any CPU.ActiveCfg = Debug|Any CPU
		{9966B412-A2FE-4F7B-9470-61E2FF4156A0}.Debug|Any CPU.Build.0 = Debug|Any CPU
		{9966B412-A2FE-4F7B-9470-61E2FF4156A0}.Release|Any CPU.ActiveCfg = Release|Any CPU
		{9966B412-A2FE-4F7B-9470-61E2FF4156A0}.Release|Any CPU.Build.0 = Release|Any CPU
		{6D67E8BD-D7CA-44F9-BDF7-D49CDA9F629E}.Debug|Any CPU.ActiveCfg = Debug|Any CPU
		{6D67E8BD-D7CA-44F9-BDF7-D49CDA9F629E}.Debug|Any CPU.Build.0 = Debug|Any CPU
		{6D67E8BD-D7CA-44F9-BDF7-D49CDA9F629E}.Release|Any CPU.ActiveCfg = Release|Any CPU
		{6D67E8BD-D7CA-44F9-BDF7-D49CDA9F629E}.Release|Any CPU.Build.0 = Release|Any CPU
		{A0BBE49F-A0C9-44B6-AA45-1E967EB3F075}.Debug|Any CPU.ActiveCfg = Debug|Any CPU
		{A0BBE49F-A0C9-44B6-AA45-1E967EB3F075}.Debug|Any CPU.Build.0 = Debug|Any CPU
		{A0BBE49F-A0C9-44B6-AA45-1E967EB3F075}.Release|Any CPU.ActiveCfg = Release|Any CPU
		{A0BBE49F-A0C9-44B6-AA45-1E967EB3F075}.Release|Any CPU.Build.0 = Release|Any CPU
		{9A033F2B-0BE7-44AF-841C-C02B35BB9069}.Debug|Any CPU.ActiveCfg = Debug|Any CPU
		{9A033F2B-0BE7-44AF-841C-C02B35BB9069}.Debug|Any CPU.Build.0 = Debug|Any CPU
		{9A033F2B-0BE7-44AF-841C-C02B35BB9069}.Release|Any CPU.ActiveCfg = Release|Any CPU
		{9A033F2B-0BE7-44AF-841C-C02B35BB9069}.Release|Any CPU.Build.0 = Release|Any CPU
		{57003C46-1EC2-4DAA-9B61-1C1BF02F572C}.Debug|Any CPU.ActiveCfg = Debug|Any CPU
		{57003C46-1EC2-4DAA-9B61-1C1BF02F572C}.Debug|Any CPU.Build.0 = Debug|Any CPU
		{57003C46-1EC2-4DAA-9B61-1C1BF02F572C}.Release|Any CPU.ActiveCfg = Release|Any CPU
		{57003C46-1EC2-4DAA-9B61-1C1BF02F572C}.Release|Any CPU.Build.0 = Release|Any CPU
		{7780099C-5335-4E73-9A80-3B304A965D18}.Debug|Any CPU.ActiveCfg = Debug|Any CPU
		{7780099C-5335-4E73-9A80-3B304A965D18}.Debug|Any CPU.Build.0 = Debug|Any CPU
		{7780099C-5335-4E73-9A80-3B304A965D18}.Release|Any CPU.ActiveCfg = Release|Any CPU
		{7780099C-5335-4E73-9A80-3B304A965D18}.Release|Any CPU.Build.0 = Release|Any CPU
		{9CDA16E3-DE61-4211-8931-51E3589A17E6}.Debug|Any CPU.ActiveCfg = Debug|Any CPU
		{9CDA16E3-DE61-4211-8931-51E3589A17E6}.Debug|Any CPU.Build.0 = Debug|Any CPU
		{9CDA16E3-DE61-4211-8931-51E3589A17E6}.Release|Any CPU.ActiveCfg = Release|Any CPU
		{9CDA16E3-DE61-4211-8931-51E3589A17E6}.Release|Any CPU.Build.0 = Release|Any CPU
	EndGlobalSection
	GlobalSection(SolutionProperties) = preSolution
		HideSolutionNode = FALSE
	EndGlobalSection
	GlobalSection(NestedProjects) = preSolution
		{146CAB85-39D4-4A88-97F3-BCECDB70522C} = {687000D4-A194-4FBE-AC9B-36BC352491C4}
		{86FD2325-DF4A-4D83-8352-D809EA545CF6} = {687000D4-A194-4FBE-AC9B-36BC352491C4}
		{895AD61A-04CE-42A1-8E78-9A34F8C193B4} = {221CECD8-0E9B-427C-BA56-1801F180B77F}
		{FF695594-B6DA-4206-A624-F49FBE782E8F} = {4DA3FAB8-9A47-427A-9959-84C57032FDB2}
		{ED039BB9-9128-43FB-BA06-1F030B1F2032} = {D78E1BD6-4C86-45BB-88B3-7F8524B4A24E}
		{A8D5C57E-10E0-4D4F-954D-B990FA8ADAAC} = {CC05B0FD-82DC-48FF-990A-80E1259BCF0B}
		{49F9869D-FB14-458F-B6A2-1B90131780D9} = {CC05B0FD-82DC-48FF-990A-80E1259BCF0B}
		{7EE07F2A-D64E-428A-9E35-29F86D3F05C0} = {CC05B0FD-82DC-48FF-990A-80E1259BCF0B}
		{9966B412-A2FE-4F7B-9470-61E2FF4156A0} = {CC05B0FD-82DC-48FF-990A-80E1259BCF0B}
		{6D67E8BD-D7CA-44F9-BDF7-D49CDA9F629E} = {4DA3FAB8-9A47-427A-9959-84C57032FDB2}
		{A0BBE49F-A0C9-44B6-AA45-1E967EB3F075} = {687000D4-A194-4FBE-AC9B-36BC352491C4}
		{9A033F2B-0BE7-44AF-841C-C02B35BB9069} = {DD95FCEA-A7B5-49B4-8FCF-82FFE86349CB}
		{57003C46-1EC2-4DAA-9B61-1C1BF02F572C} = {687000D4-A194-4FBE-AC9B-36BC352491C4}
		{9CDA16E3-DE61-4211-8931-51E3589A17E6} = {687000D4-A194-4FBE-AC9B-36BC352491C4}
	EndGlobalSection
	GlobalSection(ExtensibilityGlobals) = postSolution
		SolutionGuid = {F9AB11FD-8861-4EAF-9B99-9AC24A3D22E4}
	EndGlobalSection
EndGlobal
